// !$*UTF8*$!
{
	archiveVersion = 1;
	classes = {
	};
	objectVersion = 46;
	objects = {

/* Begin PBXBuildFile section */
		E80789341784891A00B25D10 /* Default-568h@2x.png in Resources */ = {isa = PBXBuildFile; fileRef = E80789331784891A00B25D10 /* Default-568h@2x.png */; };
		E80789381784892B00B25D10 /* Default@2x.png in Resources */ = {isa = PBXBuildFile; fileRef = E80789371784892B00B25D10 /* Default@2x.png */; };
		E807893A17848BD900B25D10 /* HomeViewControllerTall.xib in Resources */ = {isa = PBXBuildFile; fileRef = E807893917848BD900B25D10 /* HomeViewControllerTall.xib */; };
		E807893E178B2FAE00B25D10 /* AboutUsViewController.m in Sources */ = {isa = PBXBuildFile; fileRef = E807893C178B2FAD00B25D10 /* AboutUsViewController.m */; };
		E807893F178B2FAE00B25D10 /* AboutUsViewController.xib in Resources */ = {isa = PBXBuildFile; fileRef = E807893D178B2FAE00B25D10 /* AboutUsViewController.xib */; };
		E8078A1E178B441400B25D10 /* SystemConfiguration.framework in Frameworks */ = {isa = PBXBuildFile; fileRef = E8078A1D178B441300B25D10 /* SystemConfiguration.framework */; };
		E8078A20178B441A00B25D10 /* Security.framework in Frameworks */ = {isa = PBXBuildFile; fileRef = E8078A1F178B441900B25D10 /* Security.framework */; };
		E8078A22178B442000B25D10 /* MessageUI.framework in Frameworks */ = {isa = PBXBuildFile; fileRef = E8078A21178B442000B25D10 /* MessageUI.framework */; };
		E80801AA17694378001675C2 /* ImageDownload.m in Sources */ = {isa = PBXBuildFile; fileRef = E8F8BE8017691F0400B03250 /* ImageDownload.m */; };
		E80801AE17694A0E001675C2 /* NavigationPopoverView.xib in Resources */ = {isa = PBXBuildFile; fileRef = E80801AD17694A0E001675C2 /* NavigationPopoverView.xib */; };
		E80801AF17695099001675C2 /* NavigationPopoverView.m in Sources */ = {isa = PBXBuildFile; fileRef = E80801AC176949EE001675C2 /* NavigationPopoverView.m */; };
		E80801B6176A3222001675C2 /* back_arrow.png in Resources */ = {isa = PBXBuildFile; fileRef = E80801B5176A3222001675C2 /* back_arrow.png */; };
		E80801BA176A3339001675C2 /* DrillDownViewController.m in Sources */ = {isa = PBXBuildFile; fileRef = E80801B8176A3339001675C2 /* DrillDownViewController.m */; };
		E80801BB176A3339001675C2 /* DrillDownViewController.xib in Resources */ = {isa = PBXBuildFile; fileRef = E80801B9176A3339001675C2 /* DrillDownViewController.xib */; };
		E80801BE176A35E1001675C2 /* PostPreviewCell.m in Sources */ = {isa = PBXBuildFile; fileRef = E80801BD176A35E1001675C2 /* PostPreviewCell.m */; };
		E82441211778CA6A00EC8CFC /* New-Ribbon.png in Resources */ = {isa = PBXBuildFile; fileRef = E824411F1778CA6A00EC8CFC /* New-Ribbon.png */; };
		E82441221778CA6A00EC8CFC /* New-Ribbon@2x.png in Resources */ = {isa = PBXBuildFile; fileRef = E82441201778CA6A00EC8CFC /* New-Ribbon@2x.png */; };
		E82441251778CA8500EC8CFC /* photo_overlay.png in Resources */ = {isa = PBXBuildFile; fileRef = E82441231778CA8500EC8CFC /* photo_overlay.png */; };
		E82441261778CA8500EC8CFC /* photo_overlay@2x.png in Resources */ = {isa = PBXBuildFile; fileRef = E82441241778CA8500EC8CFC /* photo_overlay@2x.png */; };
		E82441291778CAB100EC8CFC /* Activity-Bubble.png in Resources */ = {isa = PBXBuildFile; fileRef = E82441271778CAB100EC8CFC /* Activity-Bubble.png */; };
		E824412A1778CAB100EC8CFC /* Activity-Bubble@2x.png in Resources */ = {isa = PBXBuildFile; fileRef = E82441281778CAB100EC8CFC /* Activity-Bubble@2x.png */; };
		E824412F1778CB6600EC8CFC /* Settings-Gear.png in Resources */ = {isa = PBXBuildFile; fileRef = E824412B1778CB6500EC8CFC /* Settings-Gear.png */; };
		E82441301778CB6600EC8CFC /* Settings-Gear@2x.png in Resources */ = {isa = PBXBuildFile; fileRef = E824412C1778CB6500EC8CFC /* Settings-Gear@2x.png */; };
		E82441311778CB6600EC8CFC /* X-Icon.png in Resources */ = {isa = PBXBuildFile; fileRef = E824412D1778CB6500EC8CFC /* X-Icon.png */; };
		E82441321778CB6600EC8CFC /* X-Icon@2x.png in Resources */ = {isa = PBXBuildFile; fileRef = E824412E1778CB6600EC8CFC /* X-Icon@2x.png */; };
		E82441351778CBBD00EC8CFC /* Color-Blob-Background-iPhone5.png in Resources */ = {isa = PBXBuildFile; fileRef = E82441331778CBBD00EC8CFC /* Color-Blob-Background-iPhone5.png */; };
		E82441361778CBBD00EC8CFC /* Color-Blob-Background.png in Resources */ = {isa = PBXBuildFile; fileRef = E82441341778CBBD00EC8CFC /* Color-Blob-Background.png */; };
		E82441381778D51800EC8CFC /* bacc_wp.db in Resources */ = {isa = PBXBuildFile; fileRef = E82441371778D51800EC8CFC /* bacc_wp.db */; };
		E8474426178CD7D7001A61CA /* MapKit.framework in Frameworks */ = {isa = PBXBuildFile; fileRef = E8474425178CD7D7001A61CA /* MapKit.framework */; };
		E8474428178CD7E1001A61CA /* CoreLocation.framework in Frameworks */ = {isa = PBXBuildFile; fileRef = E8474427178CD7E1001A61CA /* CoreLocation.framework */; };
		E847442A178CD7F7001A61CA /* AdSupport.framework in Frameworks */ = {isa = PBXBuildFile; fileRef = E8474429178CD7F7001A61CA /* AdSupport.framework */; };
		E847442D178DD0BC001A61CA /* ShareView.m in Sources */ = {isa = PBXBuildFile; fileRef = E847442C178DD0BC001A61CA /* ShareView.m */; };
		E847442F178DD0D8001A61CA /* ShareView.xib in Resources */ = {isa = PBXBuildFile; fileRef = E847442E178DD0D8001A61CA /* ShareView.xib */; };
		E8474431178DDCBF001A61CA /* Twitter.framework in Frameworks */ = {isa = PBXBuildFile; fileRef = E8474430178DDCBF001A61CA /* Twitter.framework */; };
		E8474433178DE0D2001A61CA /* Social.framework in Frameworks */ = {isa = PBXBuildFile; fileRef = E8474432178DE0D2001A61CA /* Social.framework */; };
		E8474435178DE0DA001A61CA /* Accounts.framework in Frameworks */ = {isa = PBXBuildFile; fileRef = E8474434178DE0DA001A61CA /* Accounts.framework */; };
		E847445D178F2503001A61CA /* blurred-5553.png in Resources */ = {isa = PBXBuildFile; fileRef = E8474437178F2503001A61CA /* blurred-5553.png */; };
		E847445E178F2503001A61CA /* blurred-5556.png in Resources */ = {isa = PBXBuildFile; fileRef = E8474438178F2503001A61CA /* blurred-5556.png */; };
		E847445F178F2503001A61CA /* blurred-5774.png in Resources */ = {isa = PBXBuildFile; fileRef = E8474439178F2503001A61CA /* blurred-5774.png */; };
		E8474460178F2503001A61CA /* blurred-5842.png in Resources */ = {isa = PBXBuildFile; fileRef = E847443A178F2503001A61CA /* blurred-5842.png */; };
		E8474461178F2503001A61CA /* blurred-6128.png in Resources */ = {isa = PBXBuildFile; fileRef = E847443B178F2503001A61CA /* blurred-6128.png */; };
		E8474462178F2503001A61CA /* blurred-6158.png in Resources */ = {isa = PBXBuildFile; fileRef = E847443C178F2503001A61CA /* blurred-6158.png */; };
		E8474463178F2503001A61CA /* blurred-6165.png in Resources */ = {isa = PBXBuildFile; fileRef = E847443D178F2503001A61CA /* blurred-6165.png */; };
		E8474464178F2503001A61CA /* blurred-6166.png in Resources */ = {isa = PBXBuildFile; fileRef = E847443E178F2503001A61CA /* blurred-6166.png */; };
		E8474465178F2503001A61CA /* blurred-6177.png in Resources */ = {isa = PBXBuildFile; fileRef = E847443F178F2503001A61CA /* blurred-6177.png */; };
		E8474466178F2503001A61CA /* blurred-6188.png in Resources */ = {isa = PBXBuildFile; fileRef = E8474440178F2503001A61CA /* blurred-6188.png */; };
		E8474467178F2503001A61CA /* blurred-6315.png in Resources */ = {isa = PBXBuildFile; fileRef = E8474441178F2503001A61CA /* blurred-6315.png */; };
		E8474468178F2503001A61CA /* blurred-6469.png in Resources */ = {isa = PBXBuildFile; fileRef = E8474442178F2503001A61CA /* blurred-6469.png */; };
		E8474469178F2503001A61CA /* blurred-6549.png in Resources */ = {isa = PBXBuildFile; fileRef = E8474443178F2503001A61CA /* blurred-6549.png */; };
		E847446A178F2503001A61CA /* blurred-6564.png in Resources */ = {isa = PBXBuildFile; fileRef = E8474444178F2503001A61CA /* blurred-6564.png */; };
		E847446B178F2503001A61CA /* blurred-6589.png in Resources */ = {isa = PBXBuildFile; fileRef = E8474445178F2503001A61CA /* blurred-6589.png */; };
		E847446C178F2503001A61CA /* blurred-6636.png in Resources */ = {isa = PBXBuildFile; fileRef = E8474446178F2503001A61CA /* blurred-6636.png */; };
		E847446D178F2503001A61CA /* blurred-6703.png in Resources */ = {isa = PBXBuildFile; fileRef = E8474447178F2503001A61CA /* blurred-6703.png */; };
		E847446E178F2503001A61CA /* blurred-6859.png in Resources */ = {isa = PBXBuildFile; fileRef = E8474448178F2503001A61CA /* blurred-6859.png */; };
		E847446F178F2503001A61CA /* blurred-6881.png in Resources */ = {isa = PBXBuildFile; fileRef = E8474449178F2503001A61CA /* blurred-6881.png */; };
		E8474470178F2503001A61CA /* cropped-5553.png in Resources */ = {isa = PBXBuildFile; fileRef = E847444A178F2503001A61CA /* cropped-5553.png */; };
		E8474471178F2503001A61CA /* cropped-5556.png in Resources */ = {isa = PBXBuildFile; fileRef = E847444B178F2503001A61CA /* cropped-5556.png */; };
		E8474472178F2503001A61CA /* cropped-5774.png in Resources */ = {isa = PBXBuildFile; fileRef = E847444C178F2503001A61CA /* cropped-5774.png */; };
		E8474473178F2503001A61CA /* cropped-5842.png in Resources */ = {isa = PBXBuildFile; fileRef = E847444D178F2503001A61CA /* cropped-5842.png */; };
		E8474474178F2503001A61CA /* cropped-6128.png in Resources */ = {isa = PBXBuildFile; fileRef = E847444E178F2503001A61CA /* cropped-6128.png */; };
		E8474475178F2503001A61CA /* cropped-6158.png in Resources */ = {isa = PBXBuildFile; fileRef = E847444F178F2503001A61CA /* cropped-6158.png */; };
		E8474476178F2503001A61CA /* cropped-6165.png in Resources */ = {isa = PBXBuildFile; fileRef = E8474450178F2503001A61CA /* cropped-6165.png */; };
		E8474477178F2503001A61CA /* cropped-6166.png in Resources */ = {isa = PBXBuildFile; fileRef = E8474451178F2503001A61CA /* cropped-6166.png */; };
		E8474478178F2503001A61CA /* cropped-6177.png in Resources */ = {isa = PBXBuildFile; fileRef = E8474452178F2503001A61CA /* cropped-6177.png */; };
		E8474479178F2503001A61CA /* cropped-6188.png in Resources */ = {isa = PBXBuildFile; fileRef = E8474453178F2503001A61CA /* cropped-6188.png */; };
		E847447A178F2503001A61CA /* cropped-6315.png in Resources */ = {isa = PBXBuildFile; fileRef = E8474454178F2503001A61CA /* cropped-6315.png */; };
		E847447B178F2503001A61CA /* cropped-6469.png in Resources */ = {isa = PBXBuildFile; fileRef = E8474455178F2503001A61CA /* cropped-6469.png */; };
		E847447C178F2503001A61CA /* cropped-6549.png in Resources */ = {isa = PBXBuildFile; fileRef = E8474456178F2503001A61CA /* cropped-6549.png */; };
		E847447D178F2503001A61CA /* cropped-6564.png in Resources */ = {isa = PBXBuildFile; fileRef = E8474457178F2503001A61CA /* cropped-6564.png */; };
		E847447E178F2503001A61CA /* cropped-6589.png in Resources */ = {isa = PBXBuildFile; fileRef = E8474458178F2503001A61CA /* cropped-6589.png */; };
		E847447F178F2503001A61CA /* cropped-6636.png in Resources */ = {isa = PBXBuildFile; fileRef = E8474459178F2503001A61CA /* cropped-6636.png */; };
		E8474480178F2503001A61CA /* cropped-6703.png in Resources */ = {isa = PBXBuildFile; fileRef = E847445A178F2503001A61CA /* cropped-6703.png */; };
		E8474481178F2503001A61CA /* cropped-6859.png in Resources */ = {isa = PBXBuildFile; fileRef = E847445B178F2503001A61CA /* cropped-6859.png */; };
		E8474482178F2503001A61CA /* cropped-6881.png in Resources */ = {isa = PBXBuildFile; fileRef = E847445C178F2503001A61CA /* cropped-6881.png */; };
		E8474484178F2F77001A61CA /* 086254-rounded-glossy-black-icon-business-document4.png in Resources */ = {isa = PBXBuildFile; fileRef = E8474483178F2F76001A61CA /* 086254-rounded-glossy-black-icon-business-document4.png */; };
		E8474486178F326E001A61CA /* share-icon.png in Resources */ = {isa = PBXBuildFile; fileRef = E8474485178F326E001A61CA /* share-icon.png */; };
		E855106B176BD63F00E30A50 /* Note.m in Sources */ = {isa = PBXBuildFile; fileRef = E855106A176BD63F00E30A50 /* Note.m */; };
		E85F198D17A6CB1F00EF24BE /* libGoogleAnalytics.a in Frameworks */ = {isa = PBXBuildFile; fileRef = E85F198B17A6CB1F00EF24BE /* libGoogleAnalytics.a */; };
		E85F198F17A6CB4900EF24BE /* CoreData.framework in Frameworks */ = {isa = PBXBuildFile; fileRef = E85F198E17A6CB4900EF24BE /* CoreData.framework */; };
		E85F199117A6F49E00EF24BE /* icon114.png in Resources */ = {isa = PBXBuildFile; fileRef = E85F199017A6F49E00EF24BE /* icon114.png */; };
		E884752F176A4825008F7019 /* PNIB.xib in Resources */ = {isa = PBXBuildFile; fileRef = E884752E176A47E5008F7019 /* PNIB.xib */; };
		E8847533176A4CF4008F7019 /* ReadViewController.m in Sources */ = {isa = PBXBuildFile; fileRef = E8847531176A4CF4008F7019 /* ReadViewController.m */; };
		E8847534176A4CF4008F7019 /* ReadViewController.xib in Resources */ = {isa = PBXBuildFile; fileRef = E8847532176A4CF4008F7019 /* ReadViewController.xib */; };
		E8847537176A6620008F7019 /* ArticleFormatter.m in Sources */ = {isa = PBXBuildFile; fileRef = E8847536176A65DD008F7019 /* ArticleFormatter.m */; };
		E884753C176A79F4008F7019 /* CoreImage.framework in Frameworks */ = {isa = PBXBuildFile; fileRef = E884753A176A785C008F7019 /* CoreImage.framework */; };
		E884753D176A79FE008F7019 /* QuartzCore.framework in Frameworks */ = {isa = PBXBuildFile; fileRef = E8847538176A7824008F7019 /* QuartzCore.framework */; };
		E8966B2E1769268A0046848D /* Post.m in Sources */ = {isa = PBXBuildFile; fileRef = E8F8BE911769213200B03250 /* Post.m */; };
		E8966B2F176926CB0046848D /* BreakthroughBlog.m in Sources */ = {isa = PBXBuildFile; fileRef = E8F8BE981769246700B03250 /* BreakthroughBlog.m */; };
		E8A36B321768F7BA00DA2BB6 /* Foundation.framework in Frameworks */ = {isa = PBXBuildFile; fileRef = E8A36B311768F7BA00DA2BB6 /* Foundation.framework */; };
		E8A36B341768F7BA00DA2BB6 /* CoreGraphics.framework in Frameworks */ = {isa = PBXBuildFile; fileRef = E8A36B331768F7BA00DA2BB6 /* CoreGraphics.framework */; };
		E8A36B361768F7BA00DA2BB6 /* UIKit.framework in Frameworks */ = {isa = PBXBuildFile; fileRef = E8A36B351768F7BA00DA2BB6 /* UIKit.framework */; };
		E8A36B3C1768F7BA00DA2BB6 /* InfoPlist.strings in Resources */ = {isa = PBXBuildFile; fileRef = E8A36B3A1768F7BA00DA2BB6 /* InfoPlist.strings */; };
		E8A36B3E1768F7BA00DA2BB6 /* main.m in Sources */ = {isa = PBXBuildFile; fileRef = E8A36B3D1768F7BA00DA2BB6 /* main.m */; };
		E8A36B421768F7BA00DA2BB6 /* AppDelegate.m in Sources */ = {isa = PBXBuildFile; fileRef = E8A36B411768F7BA00DA2BB6 /* AppDelegate.m */; };
		E8A36B441768F7BA00DA2BB6 /* Images.xcassets in Resources */ = {isa = PBXBuildFile; fileRef = E8A36B431768F7BA00DA2BB6 /* Images.xcassets */; };
		E8A36B4B1768F7BA00DA2BB6 /* XCTest.framework in Frameworks */ = {isa = PBXBuildFile; fileRef = E8A36B4A1768F7BA00DA2BB6 /* XCTest.framework */; };
		E8A36B4C1768F7BA00DA2BB6 /* Foundation.framework in Frameworks */ = {isa = PBXBuildFile; fileRef = E8A36B311768F7BA00DA2BB6 /* Foundation.framework */; };
		E8A36B4D1768F7BA00DA2BB6 /* UIKit.framework in Frameworks */ = {isa = PBXBuildFile; fileRef = E8A36B351768F7BA00DA2BB6 /* UIKit.framework */; };
		E8A36B551768F7BA00DA2BB6 /* InfoPlist.strings in Resources */ = {isa = PBXBuildFile; fileRef = E8A36B531768F7BA00DA2BB6 /* InfoPlist.strings */; };
		E8A36B571768F7BA00DA2BB6 /* Breakthrough_BlogTests.m in Sources */ = {isa = PBXBuildFile; fileRef = E8A36B561768F7BA00DA2BB6 /* Breakthrough_BlogTests.m */; };
		E8A36B701769050600DA2BB6 /* NavBarView.xib in Resources */ = {isa = PBXBuildFile; fileRef = E8A36B6F1769050600DA2BB6 /* NavBarView.xib */; };
		E8A36B721769186100DA2BB6 /* down_triangle.png in Resources */ = {isa = PBXBuildFile; fileRef = E8A36B711769186100DA2BB6 /* down_triangle.png */; };
		E8B16B531773865C00ABDD91 /* ApiHelper.m in Sources */ = {isa = PBXBuildFile; fileRef = E8B16B521773865C00ABDD91 /* ApiHelper.m */; };
		E8B9770C17A0A511000B1BF7 /* twitter-bird-white-on-blue.png in Resources */ = {isa = PBXBuildFile; fileRef = E8B9770B17A0A511000B1BF7 /* twitter-bird-white-on-blue.png */; };
		E8B9770E17A0A568000B1BF7 /* FB-f-Logo__blue_144.png in Resources */ = {isa = PBXBuildFile; fileRef = E8B9770D17A0A568000B1BF7 /* FB-f-Logo__blue_144.png */; };
		E8B9771017A0A5C3000B1BF7 /* mail-icon.png in Resources */ = {isa = PBXBuildFile; fileRef = E8B9770F17A0A5C3000B1BF7 /* mail-icon.png */; };
		E8B9771217A0AA4F000B1BF7 /* sample-note.png in Resources */ = {isa = PBXBuildFile; fileRef = E8B9771117A0AA4F000B1BF7 /* sample-note.png */; };
		E8F8BE7A17691C6F00B03250 /* HomeViewController.m in Sources */ = {isa = PBXBuildFile; fileRef = E8A36B621768F8D600DA2BB6 /* HomeViewController.m */; };
		E8F8BE7B17691C9800B03250 /* HomeViewController.xib in Resources */ = {isa = PBXBuildFile; fileRef = E8A36B631768F8D600DA2BB6 /* HomeViewController.xib */; };
		E8F8BE8B1769212100B03250 /* FMDatabase.m in Sources */ = {isa = PBXBuildFile; fileRef = E8F8BE841769212100B03250 /* FMDatabase.m */; };
		E8F8BE8C1769212100B03250 /* FMDatabaseAdditions.m in Sources */ = {isa = PBXBuildFile; fileRef = E8F8BE861769212100B03250 /* FMDatabaseAdditions.m */; };
		E8F8BE8D1769212100B03250 /* FMDatabasePool.m in Sources */ = {isa = PBXBuildFile; fileRef = E8F8BE881769212100B03250 /* FMDatabasePool.m */; };
		E8F8BE8E1769212100B03250 /* FMDatabaseQueue.m in Sources */ = {isa = PBXBuildFile; fileRef = E8F8BE8A1769212100B03250 /* FMDatabaseQueue.m */; };
		E8F8BE941769238F00B03250 /* FMResultSet.m in Sources */ = {isa = PBXBuildFile; fileRef = E8F8BE931769238F00B03250 /* FMResultSet.m */; };
		E8F8BE96176923B200B03250 /* libsqlite3.dylib in Frameworks */ = {isa = PBXBuildFile; fileRef = E8F8BE95176923B200B03250 /* libsqlite3.dylib */; };
/* End PBXBuildFile section */

/* Begin PBXContainerItemProxy section */
		E8A36B4E1768F7BA00DA2BB6 /* PBXContainerItemProxy */ = {
			isa = PBXContainerItemProxy;
			containerPortal = E8A36B261768F7BA00DA2BB6 /* Project object */;
			proxyType = 1;
			remoteGlobalIDString = E8A36B2D1768F7BA00DA2BB6;
			remoteInfo = "Breakthrough Blog";
		};
/* End PBXContainerItemProxy section */

/* Begin PBXFileReference section */
		E80789331784891A00B25D10 /* Default-568h@2x.png */ = {isa = PBXFileReference; lastKnownFileType = image.png; path = "Default-568h@2x.png"; sourceTree = "<group>"; };
		E80789371784892B00B25D10 /* Default@2x.png */ = {isa = PBXFileReference; lastKnownFileType = image.png; path = "Default@2x.png"; sourceTree = "<group>"; };
		E807893917848BD900B25D10 /* HomeViewControllerTall.xib */ = {isa = PBXFileReference; fileEncoding = 4; lastKnownFileType = file.xib; path = HomeViewControllerTall.xib; sourceTree = "<group>"; };
		E807893B178B2FAD00B25D10 /* AboutUsViewController.h */ = {isa = PBXFileReference; fileEncoding = 4; lastKnownFileType = sourcecode.c.h; path = AboutUsViewController.h; sourceTree = "<group>"; };
		E807893C178B2FAD00B25D10 /* AboutUsViewController.m */ = {isa = PBXFileReference; fileEncoding = 4; lastKnownFileType = sourcecode.c.objc; path = AboutUsViewController.m; sourceTree = "<group>"; };
		E807893D178B2FAE00B25D10 /* AboutUsViewController.xib */ = {isa = PBXFileReference; fileEncoding = 4; lastKnownFileType = file.xib; path = AboutUsViewController.xib; sourceTree = "<group>"; };
		E8078A1D178B441300B25D10 /* SystemConfiguration.framework */ = {isa = PBXFileReference; lastKnownFileType = wrapper.framework; name = SystemConfiguration.framework; path = System/Library/Frameworks/SystemConfiguration.framework; sourceTree = SDKROOT; };
		E8078A1F178B441900B25D10 /* Security.framework */ = {isa = PBXFileReference; lastKnownFileType = wrapper.framework; name = Security.framework; path = System/Library/Frameworks/Security.framework; sourceTree = SDKROOT; };
		E8078A21178B442000B25D10 /* MessageUI.framework */ = {isa = PBXFileReference; lastKnownFileType = wrapper.framework; name = MessageUI.framework; path = System/Library/Frameworks/MessageUI.framework; sourceTree = SDKROOT; };
		E80801AB176949EE001675C2 /* NavigationPopoverView.h */ = {isa = PBXFileReference; lastKnownFileType = sourcecode.c.h; path = NavigationPopoverView.h; sourceTree = "<group>"; };
		E80801AC176949EE001675C2 /* NavigationPopoverView.m */ = {isa = PBXFileReference; lastKnownFileType = sourcecode.c.objc; path = NavigationPopoverView.m; sourceTree = "<group>"; };
		E80801AD17694A0E001675C2 /* NavigationPopoverView.xib */ = {isa = PBXFileReference; fileEncoding = 4; lastKnownFileType = file.xib; path = NavigationPopoverView.xib; sourceTree = "<group>"; };
		E80801B5176A3222001675C2 /* back_arrow.png */ = {isa = PBXFileReference; lastKnownFileType = image.png; path = back_arrow.png; sourceTree = "<group>"; };
		E80801B7176A3339001675C2 /* DrillDownViewController.h */ = {isa = PBXFileReference; fileEncoding = 4; lastKnownFileType = sourcecode.c.h; path = DrillDownViewController.h; sourceTree = "<group>"; };
		E80801B8176A3339001675C2 /* DrillDownViewController.m */ = {isa = PBXFileReference; fileEncoding = 4; lastKnownFileType = sourcecode.c.objc; path = DrillDownViewController.m; sourceTree = "<group>"; };
		E80801B9176A3339001675C2 /* DrillDownViewController.xib */ = {isa = PBXFileReference; fileEncoding = 4; lastKnownFileType = file.xib; path = DrillDownViewController.xib; sourceTree = "<group>"; };
		E80801BC176A35E1001675C2 /* PostPreviewCell.h */ = {isa = PBXFileReference; fileEncoding = 4; lastKnownFileType = sourcecode.c.h; path = PostPreviewCell.h; sourceTree = "<group>"; };
		E80801BD176A35E1001675C2 /* PostPreviewCell.m */ = {isa = PBXFileReference; fileEncoding = 4; lastKnownFileType = sourcecode.c.objc; path = PostPreviewCell.m; sourceTree = "<group>"; };
		E824411F1778CA6A00EC8CFC /* New-Ribbon.png */ = {isa = PBXFileReference; lastKnownFileType = image.png; path = "New-Ribbon.png"; sourceTree = "<group>"; };
		E82441201778CA6A00EC8CFC /* New-Ribbon@2x.png */ = {isa = PBXFileReference; lastKnownFileType = image.png; path = "New-Ribbon@2x.png"; sourceTree = "<group>"; };
		E82441231778CA8500EC8CFC /* photo_overlay.png */ = {isa = PBXFileReference; lastKnownFileType = image.png; path = photo_overlay.png; sourceTree = "<group>"; };
		E82441241778CA8500EC8CFC /* photo_overlay@2x.png */ = {isa = PBXFileReference; lastKnownFileType = image.png; path = "photo_overlay@2x.png"; sourceTree = "<group>"; };
		E82441271778CAB100EC8CFC /* Activity-Bubble.png */ = {isa = PBXFileReference; lastKnownFileType = image.png; path = "Activity-Bubble.png"; sourceTree = "<group>"; };
		E82441281778CAB100EC8CFC /* Activity-Bubble@2x.png */ = {isa = PBXFileReference; lastKnownFileType = image.png; path = "Activity-Bubble@2x.png"; sourceTree = "<group>"; };
		E824412B1778CB6500EC8CFC /* Settings-Gear.png */ = {isa = PBXFileReference; lastKnownFileType = image.png; path = "Settings-Gear.png"; sourceTree = "<group>"; };
		E824412C1778CB6500EC8CFC /* Settings-Gear@2x.png */ = {isa = PBXFileReference; lastKnownFileType = image.png; path = "Settings-Gear@2x.png"; sourceTree = "<group>"; };
		E824412D1778CB6500EC8CFC /* X-Icon.png */ = {isa = PBXFileReference; lastKnownFileType = image.png; path = "X-Icon.png"; sourceTree = "<group>"; };
		E824412E1778CB6600EC8CFC /* X-Icon@2x.png */ = {isa = PBXFileReference; lastKnownFileType = image.png; path = "X-Icon@2x.png"; sourceTree = "<group>"; };
		E82441331778CBBD00EC8CFC /* Color-Blob-Background-iPhone5.png */ = {isa = PBXFileReference; lastKnownFileType = image.png; path = "Color-Blob-Background-iPhone5.png"; sourceTree = "<group>"; };
		E82441341778CBBD00EC8CFC /* Color-Blob-Background.png */ = {isa = PBXFileReference; lastKnownFileType = image.png; path = "Color-Blob-Background.png"; sourceTree = "<group>"; };
		E82441371778D51800EC8CFC /* bacc_wp.db */ = {isa = PBXFileReference; lastKnownFileType = file; path = bacc_wp.db; sourceTree = "<group>"; };
		E8474425178CD7D7001A61CA /* MapKit.framework */ = {isa = PBXFileReference; lastKnownFileType = wrapper.framework; name = MapKit.framework; path = System/Library/Frameworks/MapKit.framework; sourceTree = SDKROOT; };
		E8474427178CD7E1001A61CA /* CoreLocation.framework */ = {isa = PBXFileReference; lastKnownFileType = wrapper.framework; name = CoreLocation.framework; path = System/Library/Frameworks/CoreLocation.framework; sourceTree = SDKROOT; };
		E8474429178CD7F7001A61CA /* AdSupport.framework */ = {isa = PBXFileReference; lastKnownFileType = wrapper.framework; name = AdSupport.framework; path = System/Library/Frameworks/AdSupport.framework; sourceTree = SDKROOT; };
		E847442B178DD0BC001A61CA /* ShareView.h */ = {isa = PBXFileReference; fileEncoding = 4; lastKnownFileType = sourcecode.c.h; path = ShareView.h; sourceTree = "<group>"; };
		E847442C178DD0BC001A61CA /* ShareView.m */ = {isa = PBXFileReference; fileEncoding = 4; lastKnownFileType = sourcecode.c.objc; path = ShareView.m; sourceTree = "<group>"; };
		E847442E178DD0D8001A61CA /* ShareView.xib */ = {isa = PBXFileReference; fileEncoding = 4; lastKnownFileType = file.xib; path = ShareView.xib; sourceTree = "<group>"; };
		E8474430178DDCBF001A61CA /* Twitter.framework */ = {isa = PBXFileReference; lastKnownFileType = wrapper.framework; name = Twitter.framework; path = System/Library/Frameworks/Twitter.framework; sourceTree = SDKROOT; };
		E8474432178DE0D2001A61CA /* Social.framework */ = {isa = PBXFileReference; lastKnownFileType = wrapper.framework; name = Social.framework; path = System/Library/Frameworks/Social.framework; sourceTree = SDKROOT; };
		E8474434178DE0DA001A61CA /* Accounts.framework */ = {isa = PBXFileReference; lastKnownFileType = wrapper.framework; name = Accounts.framework; path = System/Library/Frameworks/Accounts.framework; sourceTree = SDKROOT; };
		E8474437178F2503001A61CA /* blurred-5553.png */ = {isa = PBXFileReference; lastKnownFileType = image.png; path = "blurred-5553.png"; sourceTree = "<group>"; };
		E8474438178F2503001A61CA /* blurred-5556.png */ = {isa = PBXFileReference; lastKnownFileType = image.png; path = "blurred-5556.png"; sourceTree = "<group>"; };
		E8474439178F2503001A61CA /* blurred-5774.png */ = {isa = PBXFileReference; lastKnownFileType = image.png; path = "blurred-5774.png"; sourceTree = "<group>"; };
		E847443A178F2503001A61CA /* blurred-5842.png */ = {isa = PBXFileReference; lastKnownFileType = image.png; path = "blurred-5842.png"; sourceTree = "<group>"; };
		E847443B178F2503001A61CA /* blurred-6128.png */ = {isa = PBXFileReference; lastKnownFileType = image.png; path = "blurred-6128.png"; sourceTree = "<group>"; };
		E847443C178F2503001A61CA /* blurred-6158.png */ = {isa = PBXFileReference; lastKnownFileType = image.png; path = "blurred-6158.png"; sourceTree = "<group>"; };
		E847443D178F2503001A61CA /* blurred-6165.png */ = {isa = PBXFileReference; lastKnownFileType = image.png; path = "blurred-6165.png"; sourceTree = "<group>"; };
		E847443E178F2503001A61CA /* blurred-6166.png */ = {isa = PBXFileReference; lastKnownFileType = image.png; path = "blurred-6166.png"; sourceTree = "<group>"; };
		E847443F178F2503001A61CA /* blurred-6177.png */ = {isa = PBXFileReference; lastKnownFileType = image.png; path = "blurred-6177.png"; sourceTree = "<group>"; };
		E8474440178F2503001A61CA /* blurred-6188.png */ = {isa = PBXFileReference; lastKnownFileType = image.png; path = "blurred-6188.png"; sourceTree = "<group>"; };
		E8474441178F2503001A61CA /* blurred-6315.png */ = {isa = PBXFileReference; lastKnownFileType = image.png; path = "blurred-6315.png"; sourceTree = "<group>"; };
		E8474442178F2503001A61CA /* blurred-6469.png */ = {isa = PBXFileReference; lastKnownFileType = image.png; path = "blurred-6469.png"; sourceTree = "<group>"; };
		E8474443178F2503001A61CA /* blurred-6549.png */ = {isa = PBXFileReference; lastKnownFileType = image.png; path = "blurred-6549.png"; sourceTree = "<group>"; };
		E8474444178F2503001A61CA /* blurred-6564.png */ = {isa = PBXFileReference; lastKnownFileType = image.png; path = "blurred-6564.png"; sourceTree = "<group>"; };
		E8474445178F2503001A61CA /* blurred-6589.png */ = {isa = PBXFileReference; lastKnownFileType = image.png; path = "blurred-6589.png"; sourceTree = "<group>"; };
		E8474446178F2503001A61CA /* blurred-6636.png */ = {isa = PBXFileReference; lastKnownFileType = image.png; path = "blurred-6636.png"; sourceTree = "<group>"; };
		E8474447178F2503001A61CA /* blurred-6703.png */ = {isa = PBXFileReference; lastKnownFileType = image.png; path = "blurred-6703.png"; sourceTree = "<group>"; };
		E8474448178F2503001A61CA /* blurred-6859.png */ = {isa = PBXFileReference; lastKnownFileType = image.png; path = "blurred-6859.png"; sourceTree = "<group>"; };
		E8474449178F2503001A61CA /* blurred-6881.png */ = {isa = PBXFileReference; lastKnownFileType = image.png; path = "blurred-6881.png"; sourceTree = "<group>"; };
		E847444A178F2503001A61CA /* cropped-5553.png */ = {isa = PBXFileReference; lastKnownFileType = image.png; path = "cropped-5553.png"; sourceTree = "<group>"; };
		E847444B178F2503001A61CA /* cropped-5556.png */ = {isa = PBXFileReference; lastKnownFileType = image.png; path = "cropped-5556.png"; sourceTree = "<group>"; };
		E847444C178F2503001A61CA /* cropped-5774.png */ = {isa = PBXFileReference; lastKnownFileType = image.png; path = "cropped-5774.png"; sourceTree = "<group>"; };
		E847444D178F2503001A61CA /* cropped-5842.png */ = {isa = PBXFileReference; lastKnownFileType = image.png; path = "cropped-5842.png"; sourceTree = "<group>"; };
		E847444E178F2503001A61CA /* cropped-6128.png */ = {isa = PBXFileReference; lastKnownFileType = image.png; path = "cropped-6128.png"; sourceTree = "<group>"; };
		E847444F178F2503001A61CA /* cropped-6158.png */ = {isa = PBXFileReference; lastKnownFileType = image.png; path = "cropped-6158.png"; sourceTree = "<group>"; };
		E8474450178F2503001A61CA /* cropped-6165.png */ = {isa = PBXFileReference; lastKnownFileType = image.png; path = "cropped-6165.png"; sourceTree = "<group>"; };
		E8474451178F2503001A61CA /* cropped-6166.png */ = {isa = PBXFileReference; lastKnownFileType = image.png; path = "cropped-6166.png"; sourceTree = "<group>"; };
		E8474452178F2503001A61CA /* cropped-6177.png */ = {isa = PBXFileReference; lastKnownFileType = image.png; path = "cropped-6177.png"; sourceTree = "<group>"; };
		E8474453178F2503001A61CA /* cropped-6188.png */ = {isa = PBXFileReference; lastKnownFileType = image.png; path = "cropped-6188.png"; sourceTree = "<group>"; };
		E8474454178F2503001A61CA /* cropped-6315.png */ = {isa = PBXFileReference; lastKnownFileType = image.png; path = "cropped-6315.png"; sourceTree = "<group>"; };
		E8474455178F2503001A61CA /* cropped-6469.png */ = {isa = PBXFileReference; lastKnownFileType = image.png; path = "cropped-6469.png"; sourceTree = "<group>"; };
		E8474456178F2503001A61CA /* cropped-6549.png */ = {isa = PBXFileReference; lastKnownFileType = image.png; path = "cropped-6549.png"; sourceTree = "<group>"; };
		E8474457178F2503001A61CA /* cropped-6564.png */ = {isa = PBXFileReference; lastKnownFileType = image.png; path = "cropped-6564.png"; sourceTree = "<group>"; };
		E8474458178F2503001A61CA /* cropped-6589.png */ = {isa = PBXFileReference; lastKnownFileType = image.png; path = "cropped-6589.png"; sourceTree = "<group>"; };
		E8474459178F2503001A61CA /* cropped-6636.png */ = {isa = PBXFileReference; lastKnownFileType = image.png; path = "cropped-6636.png"; sourceTree = "<group>"; };
		E847445A178F2503001A61CA /* cropped-6703.png */ = {isa = PBXFileReference; lastKnownFileType = image.png; path = "cropped-6703.png"; sourceTree = "<group>"; };
		E847445B178F2503001A61CA /* cropped-6859.png */ = {isa = PBXFileReference; lastKnownFileType = image.png; path = "cropped-6859.png"; sourceTree = "<group>"; };
		E847445C178F2503001A61CA /* cropped-6881.png */ = {isa = PBXFileReference; lastKnownFileType = image.png; path = "cropped-6881.png"; sourceTree = "<group>"; };
		E8474483178F2F76001A61CA /* 086254-rounded-glossy-black-icon-business-document4.png */ = {isa = PBXFileReference; lastKnownFileType = image.png; path = "086254-rounded-glossy-black-icon-business-document4.png"; sourceTree = "<group>"; };
		E8474485178F326E001A61CA /* share-icon.png */ = {isa = PBXFileReference; lastKnownFileType = image.png; path = "share-icon.png"; sourceTree = "<group>"; };
		E8551069176BD63F00E30A50 /* Note.h */ = {isa = PBXFileReference; fileEncoding = 4; lastKnownFileType = sourcecode.c.h; path = Note.h; sourceTree = "<group>"; };
		E855106A176BD63F00E30A50 /* Note.m */ = {isa = PBXFileReference; fileEncoding = 4; lastKnownFileType = sourcecode.c.objc; path = Note.m; sourceTree = "<group>"; };
		E85F198517A6CB1F00EF24BE /* GAI.h */ = {isa = PBXFileReference; fileEncoding = 4; lastKnownFileType = sourcecode.c.h; path = GAI.h; sourceTree = "<group>"; };
		E85F198617A6CB1F00EF24BE /* GAITrackedViewController.h */ = {isa = PBXFileReference; fileEncoding = 4; lastKnownFileType = sourcecode.c.h; path = GAITrackedViewController.h; sourceTree = "<group>"; };
		E85F198717A6CB1F00EF24BE /* GAITracker.h */ = {isa = PBXFileReference; fileEncoding = 4; lastKnownFileType = sourcecode.c.h; path = GAITracker.h; sourceTree = "<group>"; };
		E85F198817A6CB1F00EF24BE /* GAITransaction.h */ = {isa = PBXFileReference; fileEncoding = 4; lastKnownFileType = sourcecode.c.h; path = GAITransaction.h; sourceTree = "<group>"; };
		E85F198917A6CB1F00EF24BE /* GAITransactionItem.h */ = {isa = PBXFileReference; fileEncoding = 4; lastKnownFileType = sourcecode.c.h; path = GAITransactionItem.h; sourceTree = "<group>"; };
		E85F198B17A6CB1F00EF24BE /* libGoogleAnalytics.a */ = {isa = PBXFileReference; lastKnownFileType = archive.ar; path = libGoogleAnalytics.a; sourceTree = "<group>"; };
		E85F198E17A6CB4900EF24BE /* CoreData.framework */ = {isa = PBXFileReference; lastKnownFileType = wrapper.framework; name = CoreData.framework; path = System/Library/Frameworks/CoreData.framework; sourceTree = SDKROOT; };
		E85F199017A6F49E00EF24BE /* icon114.png */ = {isa = PBXFileReference; lastKnownFileType = image.png; path = icon114.png; sourceTree = "<group>"; };
		E884752E176A47E5008F7019 /* PNIB.xib */ = {isa = PBXFileReference; lastKnownFileType = file.xib; path = PNIB.xib; sourceTree = "<group>"; };
		E8847530176A4CF4008F7019 /* ReadViewController.h */ = {isa = PBXFileReference; fileEncoding = 4; lastKnownFileType = sourcecode.c.h; path = ReadViewController.h; sourceTree = "<group>"; };
		E8847531176A4CF4008F7019 /* ReadViewController.m */ = {isa = PBXFileReference; fileEncoding = 4; lastKnownFileType = sourcecode.c.objc; path = ReadViewController.m; sourceTree = "<group>"; };
		E8847532176A4CF4008F7019 /* ReadViewController.xib */ = {isa = PBXFileReference; fileEncoding = 4; lastKnownFileType = file.xib; path = ReadViewController.xib; sourceTree = "<group>"; };
		E8847535176A65DD008F7019 /* ArticleFormatter.h */ = {isa = PBXFileReference; lastKnownFileType = sourcecode.c.h; path = ArticleFormatter.h; sourceTree = "<group>"; };
		E8847536176A65DD008F7019 /* ArticleFormatter.m */ = {isa = PBXFileReference; lastKnownFileType = sourcecode.c.objc; path = ArticleFormatter.m; sourceTree = "<group>"; };
		E8847538176A7824008F7019 /* QuartzCore.framework */ = {isa = PBXFileReference; lastKnownFileType = wrapper.framework; name = QuartzCore.framework; path = System/Library/Frameworks/QuartzCore.framework; sourceTree = SDKROOT; };
		E884753A176A785C008F7019 /* CoreImage.framework */ = {isa = PBXFileReference; lastKnownFileType = wrapper.framework; name = CoreImage.framework; path = System/Library/Frameworks/CoreImage.framework; sourceTree = SDKROOT; };
		E8A36B2E1768F7BA00DA2BB6 /* Breakthrough Blog.app */ = {isa = PBXFileReference; explicitFileType = wrapper.application; includeInIndex = 0; path = "Breakthrough Blog.app"; sourceTree = BUILT_PRODUCTS_DIR; };
		E8A36B311768F7BA00DA2BB6 /* Foundation.framework */ = {isa = PBXFileReference; lastKnownFileType = wrapper.framework; name = Foundation.framework; path = System/Library/Frameworks/Foundation.framework; sourceTree = SDKROOT; };
		E8A36B331768F7BA00DA2BB6 /* CoreGraphics.framework */ = {isa = PBXFileReference; lastKnownFileType = wrapper.framework; name = CoreGraphics.framework; path = System/Library/Frameworks/CoreGraphics.framework; sourceTree = SDKROOT; };
		E8A36B351768F7BA00DA2BB6 /* UIKit.framework */ = {isa = PBXFileReference; lastKnownFileType = wrapper.framework; name = UIKit.framework; path = System/Library/Frameworks/UIKit.framework; sourceTree = SDKROOT; };
		E8A36B391768F7BA00DA2BB6 /* Breakthrough Blog-Info.plist */ = {isa = PBXFileReference; lastKnownFileType = text.plist.xml; path = "Breakthrough Blog-Info.plist"; sourceTree = "<group>"; };
		E8A36B3B1768F7BA00DA2BB6 /* en */ = {isa = PBXFileReference; lastKnownFileType = text.plist.strings; name = en; path = en.lproj/InfoPlist.strings; sourceTree = "<group>"; };
		E8A36B3D1768F7BA00DA2BB6 /* main.m */ = {isa = PBXFileReference; lastKnownFileType = sourcecode.c.objc; path = main.m; sourceTree = "<group>"; };
		E8A36B3F1768F7BA00DA2BB6 /* Breakthrough Blog-Prefix.pch */ = {isa = PBXFileReference; lastKnownFileType = sourcecode.c.h; path = "Breakthrough Blog-Prefix.pch"; sourceTree = "<group>"; };
		E8A36B401768F7BA00DA2BB6 /* AppDelegate.h */ = {isa = PBXFileReference; lastKnownFileType = sourcecode.c.h; path = AppDelegate.h; sourceTree = "<group>"; };
		E8A36B411768F7BA00DA2BB6 /* AppDelegate.m */ = {isa = PBXFileReference; lastKnownFileType = sourcecode.c.objc; path = AppDelegate.m; sourceTree = "<group>"; };
		E8A36B431768F7BA00DA2BB6 /* Images.xcassets */ = {isa = PBXFileReference; lastKnownFileType = folder.assetcatalog; path = Images.xcassets; sourceTree = "<group>"; };
		E8A36B491768F7BA00DA2BB6 /* Breakthrough BlogTests.xctest */ = {isa = PBXFileReference; explicitFileType = wrapper.cfbundle; includeInIndex = 0; path = "Breakthrough BlogTests.xctest"; sourceTree = BUILT_PRODUCTS_DIR; };
		E8A36B4A1768F7BA00DA2BB6 /* XCTest.framework */ = {isa = PBXFileReference; lastKnownFileType = wrapper.framework; name = XCTest.framework; path = Library/Frameworks/XCTest.framework; sourceTree = DEVELOPER_DIR; };
		E8A36B521768F7BA00DA2BB6 /* Breakthrough BlogTests-Info.plist */ = {isa = PBXFileReference; lastKnownFileType = text.plist.xml; path = "Breakthrough BlogTests-Info.plist"; sourceTree = "<group>"; };
		E8A36B541768F7BA00DA2BB6 /* en */ = {isa = PBXFileReference; lastKnownFileType = text.plist.strings; name = en; path = en.lproj/InfoPlist.strings; sourceTree = "<group>"; };
		E8A36B561768F7BA00DA2BB6 /* Breakthrough_BlogTests.m */ = {isa = PBXFileReference; lastKnownFileType = sourcecode.c.objc; path = Breakthrough_BlogTests.m; sourceTree = "<group>"; };
		E8A36B611768F8D600DA2BB6 /* HomeViewController.h */ = {isa = PBXFileReference; lastKnownFileType = sourcecode.c.h; path = HomeViewController.h; sourceTree = "<group>"; };
		E8A36B621768F8D600DA2BB6 /* HomeViewController.m */ = {isa = PBXFileReference; lastKnownFileType = sourcecode.c.objc; path = HomeViewController.m; sourceTree = "<group>"; };
		E8A36B631768F8D600DA2BB6 /* HomeViewController.xib */ = {isa = PBXFileReference; lastKnownFileType = file.xib; path = HomeViewController.xib; sourceTree = "<group>"; };
		E8A36B651768FBAD00DA2BB6 /* MainCell.h */ = {isa = PBXFileReference; lastKnownFileType = sourcecode.c.h; path = MainCell.h; sourceTree = "<group>"; };
		E8A36B661768FBAD00DA2BB6 /* MainCell.m */ = {isa = PBXFileReference; lastKnownFileType = sourcecode.c.objc; path = MainCell.m; sourceTree = "<group>"; };
		E8A36B671768FBC500DA2BB6 /* MainCell.xib */ = {isa = PBXFileReference; lastKnownFileType = file.xib; path = MainCell.xib; sourceTree = "<group>"; };
		E8A36B6F1769050600DA2BB6 /* NavBarView.xib */ = {isa = PBXFileReference; fileEncoding = 4; lastKnownFileType = file.xib; path = NavBarView.xib; sourceTree = "<group>"; };
		E8A36B711769186100DA2BB6 /* down_triangle.png */ = {isa = PBXFileReference; lastKnownFileType = image.png; path = down_triangle.png; sourceTree = "<group>"; };
		E8B16B511773865C00ABDD91 /* ApiHelper.h */ = {isa = PBXFileReference; fileEncoding = 4; lastKnownFileType = sourcecode.c.h; path = ApiHelper.h; sourceTree = "<group>"; };
		E8B16B521773865C00ABDD91 /* ApiHelper.m */ = {isa = PBXFileReference; fileEncoding = 4; lastKnownFileType = sourcecode.c.objc; path = ApiHelper.m; sourceTree = "<group>"; };
		E8B9770B17A0A511000B1BF7 /* twitter-bird-white-on-blue.png */ = {isa = PBXFileReference; lastKnownFileType = image.png; path = "twitter-bird-white-on-blue.png"; sourceTree = "<group>"; };
		E8B9770D17A0A568000B1BF7 /* FB-f-Logo__blue_144.png */ = {isa = PBXFileReference; lastKnownFileType = image.png; path = "FB-f-Logo__blue_144.png"; sourceTree = "<group>"; };
		E8B9770F17A0A5C3000B1BF7 /* mail-icon.png */ = {isa = PBXFileReference; lastKnownFileType = image.png; path = "mail-icon.png"; sourceTree = "<group>"; };
		E8B9771117A0AA4F000B1BF7 /* sample-note.png */ = {isa = PBXFileReference; lastKnownFileType = image.png; path = "sample-note.png"; sourceTree = "<group>"; };
		E8F8BE7F17691F0400B03250 /* ImageDownload.h */ = {isa = PBXFileReference; lastKnownFileType = sourcecode.c.h; path = ImageDownload.h; sourceTree = "<group>"; };
		E8F8BE8017691F0400B03250 /* ImageDownload.m */ = {isa = PBXFileReference; lastKnownFileType = sourcecode.c.objc; path = ImageDownload.m; sourceTree = "<group>"; };
		E8F8BE831769212100B03250 /* FMDatabase.h */ = {isa = PBXFileReference; fileEncoding = 4; lastKnownFileType = sourcecode.c.h; path = FMDatabase.h; sourceTree = "<group>"; };
		E8F8BE841769212100B03250 /* FMDatabase.m */ = {isa = PBXFileReference; fileEncoding = 4; lastKnownFileType = sourcecode.c.objc; path = FMDatabase.m; sourceTree = "<group>"; };
		E8F8BE851769212100B03250 /* FMDatabaseAdditions.h */ = {isa = PBXFileReference; fileEncoding = 4; lastKnownFileType = sourcecode.c.h; path = FMDatabaseAdditions.h; sourceTree = "<group>"; };
		E8F8BE861769212100B03250 /* FMDatabaseAdditions.m */ = {isa = PBXFileReference; fileEncoding = 4; lastKnownFileType = sourcecode.c.objc; path = FMDatabaseAdditions.m; sourceTree = "<group>"; };
		E8F8BE871769212100B03250 /* FMDatabasePool.h */ = {isa = PBXFileReference; fileEncoding = 4; lastKnownFileType = sourcecode.c.h; path = FMDatabasePool.h; sourceTree = "<group>"; };
		E8F8BE881769212100B03250 /* FMDatabasePool.m */ = {isa = PBXFileReference; fileEncoding = 4; lastKnownFileType = sourcecode.c.objc; path = FMDatabasePool.m; sourceTree = "<group>"; };
		E8F8BE891769212100B03250 /* FMDatabaseQueue.h */ = {isa = PBXFileReference; fileEncoding = 4; lastKnownFileType = sourcecode.c.h; path = FMDatabaseQueue.h; sourceTree = "<group>"; };
		E8F8BE8A1769212100B03250 /* FMDatabaseQueue.m */ = {isa = PBXFileReference; fileEncoding = 4; lastKnownFileType = sourcecode.c.objc; path = FMDatabaseQueue.m; sourceTree = "<group>"; };
		E8F8BE901769213200B03250 /* Post.h */ = {isa = PBXFileReference; lastKnownFileType = sourcecode.c.h; path = Post.h; sourceTree = "<group>"; };
		E8F8BE911769213200B03250 /* Post.m */ = {isa = PBXFileReference; lastKnownFileType = sourcecode.c.objc; path = Post.m; sourceTree = "<group>"; };
		E8F8BE921769238F00B03250 /* FMResultSet.h */ = {isa = PBXFileReference; fileEncoding = 4; lastKnownFileType = sourcecode.c.h; path = FMResultSet.h; sourceTree = "<group>"; };
		E8F8BE931769238F00B03250 /* FMResultSet.m */ = {isa = PBXFileReference; fileEncoding = 4; lastKnownFileType = sourcecode.c.objc; path = FMResultSet.m; sourceTree = "<group>"; };
		E8F8BE95176923B200B03250 /* libsqlite3.dylib */ = {isa = PBXFileReference; lastKnownFileType = "compiled.mach-o.dylib"; name = libsqlite3.dylib; path = usr/lib/libsqlite3.dylib; sourceTree = SDKROOT; };
		E8F8BE971769246700B03250 /* BreakthroughBlog.h */ = {isa = PBXFileReference; lastKnownFileType = sourcecode.c.h; path = BreakthroughBlog.h; sourceTree = "<group>"; };
		E8F8BE981769246700B03250 /* BreakthroughBlog.m */ = {isa = PBXFileReference; lastKnownFileType = sourcecode.c.objc; path = BreakthroughBlog.m; sourceTree = "<group>"; };
/* End PBXFileReference section */

/* Begin PBXFrameworksBuildPhase section */
		E8A36B2B1768F7BA00DA2BB6 /* Frameworks */ = {
			isa = PBXFrameworksBuildPhase;
			buildActionMask = 2147483647;
			files = (
				E85F198F17A6CB4900EF24BE /* CoreData.framework in Frameworks */,
				E8474435178DE0DA001A61CA /* Accounts.framework in Frameworks */,
				E8474433178DE0D2001A61CA /* Social.framework in Frameworks */,
				E8474431178DDCBF001A61CA /* Twitter.framework in Frameworks */,
				E847442A178CD7F7001A61CA /* AdSupport.framework in Frameworks */,
				E8A36B341768F7BA00DA2BB6 /* CoreGraphics.framework in Frameworks */,
				E8474428178CD7E1001A61CA /* CoreLocation.framework in Frameworks */,
				E8474426178CD7D7001A61CA /* MapKit.framework in Frameworks */,
				E8078A22178B442000B25D10 /* MessageUI.framework in Frameworks */,
				E8078A20178B441A00B25D10 /* Security.framework in Frameworks */,
				E8078A1E178B441400B25D10 /* SystemConfiguration.framework in Frameworks */,
				E884753D176A79FE008F7019 /* QuartzCore.framework in Frameworks */,
				E884753C176A79F4008F7019 /* CoreImage.framework in Frameworks */,
				E8F8BE96176923B200B03250 /* libsqlite3.dylib in Frameworks */,
				E8A36B361768F7BA00DA2BB6 /* UIKit.framework in Frameworks */,
				E8A36B321768F7BA00DA2BB6 /* Foundation.framework in Frameworks */,
				E85F198D17A6CB1F00EF24BE /* libGoogleAnalytics.a in Frameworks */,
			);
			runOnlyForDeploymentPostprocessing = 0;
		};
		E8A36B461768F7BA00DA2BB6 /* Frameworks */ = {
			isa = PBXFrameworksBuildPhase;
			buildActionMask = 2147483647;
			files = (
				E8A36B4B1768F7BA00DA2BB6 /* XCTest.framework in Frameworks */,
				E8A36B4D1768F7BA00DA2BB6 /* UIKit.framework in Frameworks */,
				E8A36B4C1768F7BA00DA2BB6 /* Foundation.framework in Frameworks */,
			);
			runOnlyForDeploymentPostprocessing = 0;
		};
/* End PBXFrameworksBuildPhase section */

/* Begin PBXGroup section */
		E8474436178F24DF001A61CA /* InitialImages */ = {
			isa = PBXGroup;
			children = (
				E8474437178F2503001A61CA /* blurred-5553.png */,
				E8474438178F2503001A61CA /* blurred-5556.png */,
				E8474439178F2503001A61CA /* blurred-5774.png */,
				E847443A178F2503001A61CA /* blurred-5842.png */,
				E847443B178F2503001A61CA /* blurred-6128.png */,
				E847443C178F2503001A61CA /* blurred-6158.png */,
				E847443D178F2503001A61CA /* blurred-6165.png */,
				E847443E178F2503001A61CA /* blurred-6166.png */,
				E847443F178F2503001A61CA /* blurred-6177.png */,
				E8474440178F2503001A61CA /* blurred-6188.png */,
				E8474441178F2503001A61CA /* blurred-6315.png */,
				E8474442178F2503001A61CA /* blurred-6469.png */,
				E8474443178F2503001A61CA /* blurred-6549.png */,
				E8474444178F2503001A61CA /* blurred-6564.png */,
				E8474445178F2503001A61CA /* blurred-6589.png */,
				E8474446178F2503001A61CA /* blurred-6636.png */,
				E8474447178F2503001A61CA /* blurred-6703.png */,
				E8474448178F2503001A61CA /* blurred-6859.png */,
				E8474449178F2503001A61CA /* blurred-6881.png */,
				E847444A178F2503001A61CA /* cropped-5553.png */,
				E847444B178F2503001A61CA /* cropped-5556.png */,
				E847444C178F2503001A61CA /* cropped-5774.png */,
				E847444D178F2503001A61CA /* cropped-5842.png */,
				E847444E178F2503001A61CA /* cropped-6128.png */,
				E847444F178F2503001A61CA /* cropped-6158.png */,
				E8474450178F2503001A61CA /* cropped-6165.png */,
				E8474451178F2503001A61CA /* cropped-6166.png */,
				E8474452178F2503001A61CA /* cropped-6177.png */,
				E8474453178F2503001A61CA /* cropped-6188.png */,
				E8474454178F2503001A61CA /* cropped-6315.png */,
				E8474455178F2503001A61CA /* cropped-6469.png */,
				E8474456178F2503001A61CA /* cropped-6549.png */,
				E8474457178F2503001A61CA /* cropped-6564.png */,
				E8474458178F2503001A61CA /* cropped-6589.png */,
				E8474459178F2503001A61CA /* cropped-6636.png */,
				E847445A178F2503001A61CA /* cropped-6703.png */,
				E847445B178F2503001A61CA /* cropped-6859.png */,
				E847445C178F2503001A61CA /* cropped-6881.png */,
			);
			name = InitialImages;
			sourceTree = "<group>";
		};
		E85F198417A6CB1100EF24BE /* GoogleAnalytics */ = {
			isa = PBXGroup;
			children = (
				E85F198517A6CB1F00EF24BE /* GAI.h */,
				E85F198617A6CB1F00EF24BE /* GAITrackedViewController.h */,
				E85F198717A6CB1F00EF24BE /* GAITracker.h */,
				E85F198817A6CB1F00EF24BE /* GAITransaction.h */,
				E85F198917A6CB1F00EF24BE /* GAITransactionItem.h */,
				E85F198B17A6CB1F00EF24BE /* libGoogleAnalytics.a */,
			);
			name = GoogleAnalytics;
			sourceTree = "<group>";
		};
		E8A36B251768F7BA00DA2BB6 = {
			isa = PBXGroup;
			children = (
				E85F199017A6F49E00EF24BE /* icon114.png */,
				E85F198E17A6CB4900EF24BE /* CoreData.framework */,
				E8474434178DE0DA001A61CA /* Accounts.framework */,
				E8474432178DE0D2001A61CA /* Social.framework */,
				E8474430178DDCBF001A61CA /* Twitter.framework */,
				E8474429178CD7F7001A61CA /* AdSupport.framework */,
				E8474427178CD7E1001A61CA /* CoreLocation.framework */,
				E8474425178CD7D7001A61CA /* MapKit.framework */,
				E8078A21178B442000B25D10 /* MessageUI.framework */,
				E8078A1F178B441900B25D10 /* Security.framework */,
				E8078A1D178B441300B25D10 /* SystemConfiguration.framework */,
				E80789371784892B00B25D10 /* Default@2x.png */,
				E80789331784891A00B25D10 /* Default-568h@2x.png */,
				E8A36B371768F7BA00DA2BB6 /* Breakthrough Blog */,
				E8A36B501768F7BA00DA2BB6 /* Breakthrough BlogTests */,
				E8A36B301768F7BA00DA2BB6 /* Frameworks */,
				E8A36B2F1768F7BA00DA2BB6 /* Products */,
			);
			sourceTree = "<group>";
		};
		E8A36B2F1768F7BA00DA2BB6 /* Products */ = {
			isa = PBXGroup;
			children = (
				E8A36B2E1768F7BA00DA2BB6 /* Breakthrough Blog.app */,
				E8A36B491768F7BA00DA2BB6 /* Breakthrough BlogTests.xctest */,
			);
			name = Products;
			sourceTree = "<group>";
		};
		E8A36B301768F7BA00DA2BB6 /* Frameworks */ = {
			isa = PBXGroup;
			children = (
				E884753A176A785C008F7019 /* CoreImage.framework */,
				E8847538176A7824008F7019 /* QuartzCore.framework */,
				E8F8BE95176923B200B03250 /* libsqlite3.dylib */,
				E8A36B311768F7BA00DA2BB6 /* Foundation.framework */,
				E8A36B331768F7BA00DA2BB6 /* CoreGraphics.framework */,
				E8A36B351768F7BA00DA2BB6 /* UIKit.framework */,
				E8A36B4A1768F7BA00DA2BB6 /* XCTest.framework */,
			);
			name = Frameworks;
			sourceTree = "<group>";
		};
		E8A36B371768F7BA00DA2BB6 /* Breakthrough Blog */ = {
			isa = PBXGroup;
			children = (
				E85F198417A6CB1100EF24BE /* GoogleAnalytics */,
				E8F8BE8F1769212700B03250 /* Models */,
				E8F8BE7E17691ED900B03250 /* Helpers */,
				E8A36B681768FC0B00DA2BB6 /* Resources */,
				E8A36B641768F91800DA2BB6 /* Layout */,
				E8A36B601768F8BF00DA2BB6 /* Views */,
				E8A36B401768F7BA00DA2BB6 /* AppDelegate.h */,
				E8A36B411768F7BA00DA2BB6 /* AppDelegate.m */,
				E8F8BE971769246700B03250 /* BreakthroughBlog.h */,
				E8F8BE981769246700B03250 /* BreakthroughBlog.m */,
				E8A36B431768F7BA00DA2BB6 /* Images.xcassets */,
				E8A36B381768F7BA00DA2BB6 /* Supporting Files */,
			);
			path = "Breakthrough Blog";
			sourceTree = "<group>";
		};
		E8A36B381768F7BA00DA2BB6 /* Supporting Files */ = {
			isa = PBXGroup;
			children = (
				E8A36B391768F7BA00DA2BB6 /* Breakthrough Blog-Info.plist */,
				E8A36B3A1768F7BA00DA2BB6 /* InfoPlist.strings */,
				E8A36B3D1768F7BA00DA2BB6 /* main.m */,
				E8A36B3F1768F7BA00DA2BB6 /* Breakthrough Blog-Prefix.pch */,
			);
			name = "Supporting Files";
			sourceTree = "<group>";
		};
		E8A36B501768F7BA00DA2BB6 /* Breakthrough BlogTests */ = {
			isa = PBXGroup;
			children = (
				E8A36B561768F7BA00DA2BB6 /* Breakthrough_BlogTests.m */,
				E8A36B511768F7BA00DA2BB6 /* Supporting Files */,
			);
			path = "Breakthrough BlogTests";
			sourceTree = "<group>";
		};
		E8A36B511768F7BA00DA2BB6 /* Supporting Files */ = {
			isa = PBXGroup;
			children = (
				E8A36B521768F7BA00DA2BB6 /* Breakthrough BlogTests-Info.plist */,
				E8A36B531768F7BA00DA2BB6 /* InfoPlist.strings */,
			);
			name = "Supporting Files";
			sourceTree = "<group>";
		};
		E8A36B601768F8BF00DA2BB6 /* Views */ = {
			isa = PBXGroup;
			children = (
				E8A36B611768F8D600DA2BB6 /* HomeViewController.h */,
				E8A36B621768F8D600DA2BB6 /* HomeViewController.m */,
				E8A36B631768F8D600DA2BB6 /* HomeViewController.xib */,
				E807893917848BD900B25D10 /* HomeViewControllerTall.xib */,
				E80801B7176A3339001675C2 /* DrillDownViewController.h */,
				E80801B8176A3339001675C2 /* DrillDownViewController.m */,
				E80801B9176A3339001675C2 /* DrillDownViewController.xib */,
				E8847530176A4CF4008F7019 /* ReadViewController.h */,
				E8847531176A4CF4008F7019 /* ReadViewController.m */,
				E8847532176A4CF4008F7019 /* ReadViewController.xib */,
				E807893B178B2FAD00B25D10 /* AboutUsViewController.h */,
				E807893C178B2FAD00B25D10 /* AboutUsViewController.m */,
				E807893D178B2FAE00B25D10 /* AboutUsViewController.xib */,
			);
			name = Views;
			sourceTree = "<group>";
		};
		E8A36B641768F91800DA2BB6 /* Layout */ = {
			isa = PBXGroup;
			children = (
				E8A36B651768FBAD00DA2BB6 /* MainCell.h */,
				E8A36B661768FBAD00DA2BB6 /* MainCell.m */,
				E8A36B671768FBC500DA2BB6 /* MainCell.xib */,
				E8A36B6F1769050600DA2BB6 /* NavBarView.xib */,
				E80801AB176949EE001675C2 /* NavigationPopoverView.h */,
				E80801AC176949EE001675C2 /* NavigationPopoverView.m */,
				E80801AD17694A0E001675C2 /* NavigationPopoverView.xib */,
				E80801BC176A35E1001675C2 /* PostPreviewCell.h */,
				E80801BD176A35E1001675C2 /* PostPreviewCell.m */,
				E884752E176A47E5008F7019 /* PNIB.xib */,
				E847442B178DD0BC001A61CA /* ShareView.h */,
				E847442C178DD0BC001A61CA /* ShareView.m */,
				E847442E178DD0D8001A61CA /* ShareView.xib */,
			);
			name = Layout;
			sourceTree = "<group>";
		};
		E8A36B681768FC0B00DA2BB6 /* Resources */ = {
			isa = PBXGroup;
			children = (
				E8474436178F24DF001A61CA /* InitialImages */,
				E82441371778D51800EC8CFC /* bacc_wp.db */,
				E82441331778CBBD00EC8CFC /* Color-Blob-Background-iPhone5.png */,
				E8474485178F326E001A61CA /* share-icon.png */,
				E8474483178F2F76001A61CA /* 086254-rounded-glossy-black-icon-business-document4.png */,
				E82441341778CBBD00EC8CFC /* Color-Blob-Background.png */,
				E824412B1778CB6500EC8CFC /* Settings-Gear.png */,
				E824412C1778CB6500EC8CFC /* Settings-Gear@2x.png */,
				E824412D1778CB6500EC8CFC /* X-Icon.png */,
				E824412E1778CB6600EC8CFC /* X-Icon@2x.png */,
				E82441271778CAB100EC8CFC /* Activity-Bubble.png */,
				E82441281778CAB100EC8CFC /* Activity-Bubble@2x.png */,
				E82441231778CA8500EC8CFC /* photo_overlay.png */,
				E82441241778CA8500EC8CFC /* photo_overlay@2x.png */,
				E824411F1778CA6A00EC8CFC /* New-Ribbon.png */,
				E82441201778CA6A00EC8CFC /* New-Ribbon@2x.png */,
				E80801B5176A3222001675C2 /* back_arrow.png */,
				E8A36B711769186100DA2BB6 /* down_triangle.png */,
				E8B9770B17A0A511000B1BF7 /* twitter-bird-white-on-blue.png */,
				E8B9770F17A0A5C3000B1BF7 /* mail-icon.png */,
				E8B9771117A0AA4F000B1BF7 /* sample-note.png */,
				E8B9770D17A0A568000B1BF7 /* FB-f-Logo__blue_144.png */,
			);
			name = Resources;
			sourceTree = "<group>";
		};
		E8F8BE7E17691ED900B03250 /* Helpers */ = {
			isa = PBXGroup;
			children = (
				E8F8BE921769238F00B03250 /* FMResultSet.h */,
				E8F8BE931769238F00B03250 /* FMResultSet.m */,
				E8F8BE831769212100B03250 /* FMDatabase.h */,
				E8F8BE841769212100B03250 /* FMDatabase.m */,
				E8F8BE851769212100B03250 /* FMDatabaseAdditions.h */,
				E8F8BE861769212100B03250 /* FMDatabaseAdditions.m */,
				E8F8BE871769212100B03250 /* FMDatabasePool.h */,
				E8F8BE881769212100B03250 /* FMDatabasePool.m */,
				E8F8BE891769212100B03250 /* FMDatabaseQueue.h */,
				E8F8BE8A1769212100B03250 /* FMDatabaseQueue.m */,
				E8F8BE7F17691F0400B03250 /* ImageDownload.h */,
				E8F8BE8017691F0400B03250 /* ImageDownload.m */,
				E8847535176A65DD008F7019 /* ArticleFormatter.h */,
				E8847536176A65DD008F7019 /* ArticleFormatter.m */,
				E8B16B511773865C00ABDD91 /* ApiHelper.h */,
				E8B16B521773865C00ABDD91 /* ApiHelper.m */,
			);
			name = Helpers;
			sourceTree = "<group>";
		};
		E8F8BE8F1769212700B03250 /* Models */ = {
			isa = PBXGroup;
			children = (
				E8F8BE901769213200B03250 /* Post.h */,
				E8F8BE911769213200B03250 /* Post.m */,
				E8551069176BD63F00E30A50 /* Note.h */,
				E855106A176BD63F00E30A50 /* Note.m */,
			);
			name = Models;
			sourceTree = "<group>";
		};
/* End PBXGroup section */

/* Begin PBXNativeTarget section */
		E8A36B2D1768F7BA00DA2BB6 /* Breakthrough Blog */ = {
			isa = PBXNativeTarget;
			buildConfigurationList = E8A36B5A1768F7BA00DA2BB6 /* Build configuration list for PBXNativeTarget "Breakthrough Blog" */;
			buildPhases = (
				E8A36B2A1768F7BA00DA2BB6 /* Sources */,
				E8A36B2B1768F7BA00DA2BB6 /* Frameworks */,
				E8A36B2C1768F7BA00DA2BB6 /* Resources */,
			);
			buildRules = (
			);
			dependencies = (
			);
			name = "Breakthrough Blog";
			productName = "Breakthrough Blog";
			productReference = E8A36B2E1768F7BA00DA2BB6 /* Breakthrough Blog.app */;
			productType = "com.apple.product-type.application";
		};
		E8A36B481768F7BA00DA2BB6 /* Breakthrough BlogTests */ = {
			isa = PBXNativeTarget;
			buildConfigurationList = E8A36B5D1768F7BA00DA2BB6 /* Build configuration list for PBXNativeTarget "Breakthrough BlogTests" */;
			buildPhases = (
				E8A36B451768F7BA00DA2BB6 /* Sources */,
				E8A36B461768F7BA00DA2BB6 /* Frameworks */,
				E8A36B471768F7BA00DA2BB6 /* Resources */,
			);
			buildRules = (
			);
			dependencies = (
				E8A36B4F1768F7BA00DA2BB6 /* PBXTargetDependency */,
			);
			name = "Breakthrough BlogTests";
			productName = "Breakthrough BlogTests";
			productReference = E8A36B491768F7BA00DA2BB6 /* Breakthrough BlogTests.xctest */;
			productType = "com.apple.product-type.bundle.unit-test";
		};
/* End PBXNativeTarget section */

/* Begin PBXProject section */
		E8A36B261768F7BA00DA2BB6 /* Project object */ = {
			isa = PBXProject;
			attributes = {
				LastUpgradeCheck = 0500;
				ORGANIZATIONNAME = BACC;
				TargetAttributes = {
					E8A36B481768F7BA00DA2BB6 = {
						TestTargetID = E8A36B2D1768F7BA00DA2BB6;
					};
				};
			};
			buildConfigurationList = E8A36B291768F7BA00DA2BB6 /* Build configuration list for PBXProject "Breakthrough Blog" */;
			compatibilityVersion = "Xcode 3.2";
			developmentRegion = English;
			hasScannedForEncodings = 0;
			knownRegions = (
				en,
				de,
			);
			mainGroup = E8A36B251768F7BA00DA2BB6;
			productRefGroup = E8A36B2F1768F7BA00DA2BB6 /* Products */;
			projectDirPath = "";
			projectRoot = "";
			targets = (
				E8A36B2D1768F7BA00DA2BB6 /* Breakthrough Blog */,
				E8A36B481768F7BA00DA2BB6 /* Breakthrough BlogTests */,
			);
		};
/* End PBXProject section */

/* Begin PBXResourcesBuildPhase section */
		E8A36B2C1768F7BA00DA2BB6 /* Resources */ = {
			isa = PBXResourcesBuildPhase;
			buildActionMask = 2147483647;
			files = (
				E884752F176A4825008F7019 /* PNIB.xib in Resources */,
				E8F8BE7B17691C9800B03250 /* HomeViewController.xib in Resources */,
				E8A36B701769050600DA2BB6 /* NavBarView.xib in Resources */,
				E80801AE17694A0E001675C2 /* NavigationPopoverView.xib in Resources */,
				E8847534176A4CF4008F7019 /* ReadViewController.xib in Resources */,
				E80801B6176A3222001675C2 /* back_arrow.png in Resources */,
				E8A36B3C1768F7BA00DA2BB6 /* InfoPlist.strings in Resources */,
				E8A36B441768F7BA00DA2BB6 /* Images.xcassets in Resources */,
				E80801BB176A3339001675C2 /* DrillDownViewController.xib in Resources */,
				E8A36B721769186100DA2BB6 /* down_triangle.png in Resources */,
				E82441211778CA6A00EC8CFC /* New-Ribbon.png in Resources */,
				E82441221778CA6A00EC8CFC /* New-Ribbon@2x.png in Resources */,
				E82441251778CA8500EC8CFC /* photo_overlay.png in Resources */,
				E82441261778CA8500EC8CFC /* photo_overlay@2x.png in Resources */,
				E82441291778CAB100EC8CFC /* Activity-Bubble.png in Resources */,
				E824412A1778CAB100EC8CFC /* Activity-Bubble@2x.png in Resources */,
				E824412F1778CB6600EC8CFC /* Settings-Gear.png in Resources */,
				E82441301778CB6600EC8CFC /* Settings-Gear@2x.png in Resources */,
				E82441311778CB6600EC8CFC /* X-Icon.png in Resources */,
				E82441321778CB6600EC8CFC /* X-Icon@2x.png in Resources */,
				E82441351778CBBD00EC8CFC /* Color-Blob-Background-iPhone5.png in Resources */,
				E82441361778CBBD00EC8CFC /* Color-Blob-Background.png in Resources */,
				E82441381778D51800EC8CFC /* bacc_wp.db in Resources */,
				E80789341784891A00B25D10 /* Default-568h@2x.png in Resources */,
				E80789381784892B00B25D10 /* Default@2x.png in Resources */,
				E807893A17848BD900B25D10 /* HomeViewControllerTall.xib in Resources */,
				E807893F178B2FAE00B25D10 /* AboutUsViewController.xib in Resources */,
				E847442F178DD0D8001A61CA /* ShareView.xib in Resources */,
				E847445D178F2503001A61CA /* blurred-5553.png in Resources */,
				E847445E178F2503001A61CA /* blurred-5556.png in Resources */,
				E847445F178F2503001A61CA /* blurred-5774.png in Resources */,
				E8474460178F2503001A61CA /* blurred-5842.png in Resources */,
				E8474461178F2503001A61CA /* blurred-6128.png in Resources */,
				E8474462178F2503001A61CA /* blurred-6158.png in Resources */,
				E8474463178F2503001A61CA /* blurred-6165.png in Resources */,
				E8474464178F2503001A61CA /* blurred-6166.png in Resources */,
				E8474465178F2503001A61CA /* blurred-6177.png in Resources */,
				E8474466178F2503001A61CA /* blurred-6188.png in Resources */,
				E8474467178F2503001A61CA /* blurred-6315.png in Resources */,
				E8474468178F2503001A61CA /* blurred-6469.png in Resources */,
				E8474469178F2503001A61CA /* blurred-6549.png in Resources */,
				E847446A178F2503001A61CA /* blurred-6564.png in Resources */,
				E847446B178F2503001A61CA /* blurred-6589.png in Resources */,
				E847446C178F2503001A61CA /* blurred-6636.png in Resources */,
				E847446D178F2503001A61CA /* blurred-6703.png in Resources */,
				E847446E178F2503001A61CA /* blurred-6859.png in Resources */,
				E847446F178F2503001A61CA /* blurred-6881.png in Resources */,
				E8474470178F2503001A61CA /* cropped-5553.png in Resources */,
				E8474471178F2503001A61CA /* cropped-5556.png in Resources */,
				E8474472178F2503001A61CA /* cropped-5774.png in Resources */,
				E8474473178F2503001A61CA /* cropped-5842.png in Resources */,
				E8474474178F2503001A61CA /* cropped-6128.png in Resources */,
				E8474475178F2503001A61CA /* cropped-6158.png in Resources */,
				E8474476178F2503001A61CA /* cropped-6165.png in Resources */,
				E8474477178F2503001A61CA /* cropped-6166.png in Resources */,
				E8474478178F2503001A61CA /* cropped-6177.png in Resources */,
				E8474479178F2503001A61CA /* cropped-6188.png in Resources */,
				E847447A178F2503001A61CA /* cropped-6315.png in Resources */,
				E847447B178F2503001A61CA /* cropped-6469.png in Resources */,
				E847447C178F2503001A61CA /* cropped-6549.png in Resources */,
				E847447D178F2503001A61CA /* cropped-6564.png in Resources */,
				E847447E178F2503001A61CA /* cropped-6589.png in Resources */,
				E847447F178F2503001A61CA /* cropped-6636.png in Resources */,
				E8474480178F2503001A61CA /* cropped-6703.png in Resources */,
				E8474481178F2503001A61CA /* cropped-6859.png in Resources */,
				E8474482178F2503001A61CA /* cropped-6881.png in Resources */,
				E8474484178F2F77001A61CA /* 086254-rounded-glossy-black-icon-business-document4.png in Resources */,
				E8474486178F326E001A61CA /* share-icon.png in Resources */,
				E8B9770C17A0A511000B1BF7 /* twitter-bird-white-on-blue.png in Resources */,
				E8B9770E17A0A568000B1BF7 /* FB-f-Logo__blue_144.png in Resources */,
				E8B9771017A0A5C3000B1BF7 /* mail-icon.png in Resources */,
				E8B9771217A0AA4F000B1BF7 /* sample-note.png in Resources */,
				E85F199117A6F49E00EF24BE /* icon114.png in Resources */,
			);
			runOnlyForDeploymentPostprocessing = 0;
		};
		E8A36B471768F7BA00DA2BB6 /* Resources */ = {
			isa = PBXResourcesBuildPhase;
			buildActionMask = 2147483647;
			files = (
				E8A36B551768F7BA00DA2BB6 /* InfoPlist.strings in Resources */,
			);
			runOnlyForDeploymentPostprocessing = 0;
		};
/* End PBXResourcesBuildPhase section */

/* Begin PBXSourcesBuildPhase section */
		E8A36B2A1768F7BA00DA2BB6 /* Sources */ = {
			isa = PBXSourcesBuildPhase;
			buildActionMask = 2147483647;
			files = (
				E8847537176A6620008F7019 /* ArticleFormatter.m in Sources */,
				E855106B176BD63F00E30A50 /* Note.m in Sources */,
				E80801AF17695099001675C2 /* NavigationPopoverView.m in Sources */,
				E80801AA17694378001675C2 /* ImageDownload.m in Sources */,
				E8966B2F176926CB0046848D /* BreakthroughBlog.m in Sources */,
				E8966B2E1769268A0046848D /* Post.m in Sources */,
				E8F8BE7A17691C6F00B03250 /* HomeViewController.m in Sources */,
				E8F8BE8D1769212100B03250 /* FMDatabasePool.m in Sources */,
				E80801BE176A35E1001675C2 /* PostPreviewCell.m in Sources */,
				E80801BA176A3339001675C2 /* DrillDownViewController.m in Sources */,
				E8A36B421768F7BA00DA2BB6 /* AppDelegate.m in Sources */,
				E8F8BE8E1769212100B03250 /* FMDatabaseQueue.m in Sources */,
				E8B16B531773865C00ABDD91 /* ApiHelper.m in Sources */,
				E8847533176A4CF4008F7019 /* ReadViewController.m in Sources */,
				E8A36B3E1768F7BA00DA2BB6 /* main.m in Sources */,
				E8F8BE8B1769212100B03250 /* FMDatabase.m in Sources */,
				E8F8BE941769238F00B03250 /* FMResultSet.m in Sources */,
				E8F8BE8C1769212100B03250 /* FMDatabaseAdditions.m in Sources */,
				E807893E178B2FAE00B25D10 /* AboutUsViewController.m in Sources */,
				E847442D178DD0BC001A61CA /* ShareView.m in Sources */,
			);
			runOnlyForDeploymentPostprocessing = 0;
		};
		E8A36B451768F7BA00DA2BB6 /* Sources */ = {
			isa = PBXSourcesBuildPhase;
			buildActionMask = 2147483647;
			files = (
				E8A36B571768F7BA00DA2BB6 /* Breakthrough_BlogTests.m in Sources */,
			);
			runOnlyForDeploymentPostprocessing = 0;
		};
/* End PBXSourcesBuildPhase section */

/* Begin PBXTargetDependency section */
		E8A36B4F1768F7BA00DA2BB6 /* PBXTargetDependency */ = {
			isa = PBXTargetDependency;
			target = E8A36B2D1768F7BA00DA2BB6 /* Breakthrough Blog */;
			targetProxy = E8A36B4E1768F7BA00DA2BB6 /* PBXContainerItemProxy */;
		};
/* End PBXTargetDependency section */

/* Begin PBXVariantGroup section */
		E8A36B3A1768F7BA00DA2BB6 /* InfoPlist.strings */ = {
			isa = PBXVariantGroup;
			children = (
				E8A36B3B1768F7BA00DA2BB6 /* en */,
			);
			name = InfoPlist.strings;
			sourceTree = "<group>";
		};
		E8A36B531768F7BA00DA2BB6 /* InfoPlist.strings */ = {
			isa = PBXVariantGroup;
			children = (
				E8A36B541768F7BA00DA2BB6 /* en */,
			);
			name = InfoPlist.strings;
			sourceTree = "<group>";
		};
/* End PBXVariantGroup section */

/* Begin XCBuildConfiguration section */
		E8A36B581768F7BA00DA2BB6 /* Debug */ = {
			isa = XCBuildConfiguration;
			buildSettings = {
				ALWAYS_SEARCH_USER_PATHS = NO;
				CLANG_CXX_LANGUAGE_STANDARD = "gnu++0x";
				CLANG_CXX_LIBRARY = "libc++";
				CLANG_ENABLE_MODULES = YES;
				CLANG_ENABLE_OBJC_ARC = YES;
				CLANG_WARN_BOOL_CONVERSION = YES;
				CLANG_WARN_CONSTANT_CONVERSION = YES;
				CLANG_WARN_DIRECT_OBJC_ISA_USAGE = YES_ERROR;
				CLANG_WARN_EMPTY_BODY = YES;
				CLANG_WARN_ENUM_CONVERSION = YES;
				CLANG_WARN_INT_CONVERSION = YES;
				CLANG_WARN_OBJC_ROOT_CLASS = YES_ERROR;
				CLANG_WARN__DUPLICATE_METHOD_MATCH = YES;
				"CODE_SIGN_IDENTITY[sdk=iphoneos*]" = "iPhone Developer";
				COPY_PHASE_STRIP = NO;
				GCC_C_LANGUAGE_STANDARD = gnu99;
				GCC_DYNAMIC_NO_PIC = NO;
				GCC_OPTIMIZATION_LEVEL = 0;
				GCC_PREPROCESSOR_DEFINITIONS = (
					"DEBUG=1",
					"$(inherited)",
				);
				GCC_SYMBOLS_PRIVATE_EXTERN = NO;
				GCC_WARN_ABOUT_RETURN_TYPE = YES_ERROR;
				GCC_WARN_UNDECLARED_SELECTOR = YES;
				GCC_WARN_UNINITIALIZED_AUTOS = YES;
				GCC_WARN_UNUSED_FUNCTION = YES;
				GCC_WARN_UNUSED_VARIABLE = YES;
				IPHONEOS_DEPLOYMENT_TARGET = 7.0;
				ONLY_ACTIVE_ARCH = YES;
				SDKROOT = iphoneos;
				TARGETED_DEVICE_FAMILY = 1;
			};
			name = Debug;
		};
		E8A36B591768F7BA00DA2BB6 /* Release */ = {
			isa = XCBuildConfiguration;
			buildSettings = {
				ALWAYS_SEARCH_USER_PATHS = NO;
				CLANG_CXX_LANGUAGE_STANDARD = "gnu++0x";
				CLANG_CXX_LIBRARY = "libc++";
				CLANG_ENABLE_MODULES = YES;
				CLANG_ENABLE_OBJC_ARC = YES;
				CLANG_WARN_BOOL_CONVERSION = YES;
				CLANG_WARN_CONSTANT_CONVERSION = YES;
				CLANG_WARN_DIRECT_OBJC_ISA_USAGE = YES_ERROR;
				CLANG_WARN_EMPTY_BODY = YES;
				CLANG_WARN_ENUM_CONVERSION = YES;
				CLANG_WARN_INT_CONVERSION = YES;
				CLANG_WARN_OBJC_ROOT_CLASS = YES_ERROR;
				CLANG_WARN__DUPLICATE_METHOD_MATCH = YES;
				"CODE_SIGN_IDENTITY[sdk=iphoneos*]" = "iPhone Developer";
				COPY_PHASE_STRIP = YES;
				ENABLE_NS_ASSERTIONS = NO;
				GCC_C_LANGUAGE_STANDARD = gnu99;
				GCC_WARN_ABOUT_RETURN_TYPE = YES_ERROR;
				GCC_WARN_UNDECLARED_SELECTOR = YES;
				GCC_WARN_UNINITIALIZED_AUTOS = YES;
				GCC_WARN_UNUSED_FUNCTION = YES;
				GCC_WARN_UNUSED_VARIABLE = YES;
				IPHONEOS_DEPLOYMENT_TARGET = 7.0;
				SDKROOT = iphoneos;
				TARGETED_DEVICE_FAMILY = 1;
				VALIDATE_PRODUCT = YES;
			};
			name = Release;
		};
		E8A36B5B1768F7BA00DA2BB6 /* Debug */ = {
			isa = XCBuildConfiguration;
			buildSettings = {
				ASSETCATALOG_COMPILER_APPICON_NAME = AppIcon;
				ASSETCATALOG_COMPILER_LAUNCHIMAGE_NAME = "LaunchImage-1";
				CODE_SIGN_IDENTITY = "iPhone Developer";
				FRAMEWORK_SEARCH_PATHS = (
					"$(inherited)",
					"\"$(SRCROOT)/Breakthrough Blog/Socialize.embeddedframework\"",
				);
				GCC_PRECOMPILE_PREFIX_HEADER = YES;
				GCC_PREFIX_HEADER = "Breakthrough Blog/Breakthrough Blog-Prefix.pch";
				INFOPLIST_FILE = "Breakthrough Blog/Breakthrough Blog-Info.plist";
				IPHONEOS_DEPLOYMENT_TARGET = 4.3;
				LIBRARY_SEARCH_PATHS = (
					"$(inherited)",
					"\"$(SRCROOT)/Breakthrough Blog\"",
				);
				ONLY_ACTIVE_ARCH = NO;
				OTHER_LDFLAGS = "";
				PRODUCT_NAME = "$(TARGET_NAME)";
				TARGETED_DEVICE_FAMILY = 1;
				WRAPPER_EXTENSION = app;
			};
			name = Debug;
		};
		E8A36B5C1768F7BA00DA2BB6 /* Release */ = {
			isa = XCBuildConfiguration;
			buildSettings = {
				ASSETCATALOG_COMPILER_APPICON_NAME = AppIcon;
				ASSETCATALOG_COMPILER_LAUNCHIMAGE_NAME = "LaunchImage-1";
				CODE_SIGN_IDENTITY = "iPhone Developer";
				FRAMEWORK_SEARCH_PATHS = (
					"$(inherited)",
					"\"$(SRCROOT)/Breakthrough Blog/Socialize.embeddedframework\"",
				);
				GCC_PRECOMPILE_PREFIX_HEADER = YES;
				GCC_PREFIX_HEADER = "Breakthrough Blog/Breakthrough Blog-Prefix.pch";
				INFOPLIST_FILE = "Breakthrough Blog/Breakthrough Blog-Info.plist";
				IPHONEOS_DEPLOYMENT_TARGET = 4.3;
				LIBRARY_SEARCH_PATHS = (
					"$(inherited)",
					"\"$(SRCROOT)/Breakthrough Blog\"",
				);
				ONLY_ACTIVE_ARCH = NO;
				OTHER_LDFLAGS = "";
				PRODUCT_NAME = "$(TARGET_NAME)";
				TARGETED_DEVICE_FAMILY = 1;
				WRAPPER_EXTENSION = app;
			};
			name = Release;
		};
		E8A36B5E1768F7BA00DA2BB6 /* Debug */ = {
			isa = XCBuildConfiguration;
			buildSettings = {
				BUNDLE_LOADER = "$(BUILT_PRODUCTS_DIR)/Breakthrough Blog.app/Breakthrough Blog";
				FRAMEWORK_SEARCH_PATHS = (
					"$(SDKROOT)/Developer/Library/Frameworks",
					"$(inherited)",
					"$(SYSTEM_APPS_DIR)/Xcode5-DP.app/Contents/Developer/Library/Frameworks",
				);
				GCC_PRECOMPILE_PREFIX_HEADER = YES;
				GCC_PREFIX_HEADER = "Breakthrough Blog/Breakthrough Blog-Prefix.pch";
				GCC_PREPROCESSOR_DEFINITIONS = (
					"DEBUG=1",
					"$(inherited)",
				);
				INFOPLIST_FILE = "Breakthrough BlogTests/Breakthrough BlogTests-Info.plist";
				IPHONEOS_DEPLOYMENT_TARGET = 6.1;
				PRODUCT_NAME = "$(TARGET_NAME)";
				TEST_HOST = "$(BUNDLE_LOADER)";
				WRAPPER_EXTENSION = xctest;
			};
			name = Debug;
		};
		E8A36B5F1768F7BA00DA2BB6 /* Release */ = {
			isa = XCBuildConfiguration;
			buildSettings = {
				BUNDLE_LOADER = "$(BUILT_PRODUCTS_DIR)/Breakthrough Blog.app/Breakthrough Blog";
				FRAMEWORK_SEARCH_PATHS = (
					"$(SDKROOT)/Developer/Library/Frameworks",
					"$(inherited)",
					"$(SYSTEM_APPS_DIR)/Xcode5-DP.app/Contents/Developer/Library/Frameworks",
				);
				GCC_PRECOMPILE_PREFIX_HEADER = YES;
				GCC_PREFIX_HEADER = "Breakthrough Blog/Breakthrough Blog-Prefix.pch";
				INFOPLIST_FILE = "Breakthrough BlogTests/Breakthrough BlogTests-Info.plist";
				IPHONEOS_DEPLOYMENT_TARGET = 6.1;
				PRODUCT_NAME = "$(TARGET_NAME)";
				TEST_HOST = "$(BUNDLE_LOADER)";
				WRAPPER_EXTENSION = xctest;
			};
			name = Release;
		};
/* End XCBuildConfiguration section */

/* Begin XCConfigurationList section */
		E8A36B291768F7BA00DA2BB6 /* Build configuration list for PBXProject "Breakthrough Blog" */ = {
			isa = XCConfigurationList;
			buildConfigurations = (
				E8A36B581768F7BA00DA2BB6 /* Debug */,
				E8A36B591768F7BA00DA2BB6 /* Release */,
			);
			defaultConfigurationIsVisible = 0;
			defaultConfigurationName = Release;
		};
		E8A36B5A1768F7BA00DA2BB6 /* Build configuration list for PBXNativeTarget "Breakthrough Blog" */ = {
			isa = XCConfigurationList;
			buildConfigurations = (
				E8A36B5B1768F7BA00DA2BB6 /* Debug */,
				E8A36B5C1768F7BA00DA2BB6 /* Release */,
			);
			defaultConfigurationIsVisible = 0;
			defaultConfigurationName = Release;
		};
		E8A36B5D1768F7BA00DA2BB6 /* Build configuration list for PBXNativeTarget "Breakthrough BlogTests" */ = {
			isa = XCConfigurationList;
			buildConfigurations = (
				E8A36B5E1768F7BA00DA2BB6 /* Debug */,
				E8A36B5F1768F7BA00DA2BB6 /* Release */,
			);
			defaultConfigurationIsVisible = 0;
			defaultConfigurationName = Release;
		};
/* End XCConfigurationList section */
	};
	rootObject = E8A36B261768F7BA00DA2BB6 /* Project object */;
}
